version = 1
revision = 3
requires-python = ">=3.12"

[[package]]
name = "anyio"
version = "4.15.1"
source = { registry = "https://pypi.org/simple" }
dependencies = [
    { name = "idna" },
    { name = "typing-extensions", marker = "python_full_version < '3.15'" },
]
sdist = { url = "https://files.pythonhosted.org/packages/a9/d2/f4d173e22df740bc37b1db102b386ba719b66e95b0f0d751f556b387e6d2/anyio-4.15.1.tar.gz", hash = "sha256:9f28306018cbd6d329e64a36d58256edff76dd996fe423bc957326e578b82a94", size = 276966, upload-time = "2026-09-05T10:42:39.44Z" }
wheels = [
    { url = "https://files.pythonhosted.org/packages/12/b8/4bd346e22b28902df4d651910f5242c28d84e4a5c2435ca5c3f797ed7e2e/anyio-4.15.1-py3-none-any.whl", hash = "sha256:6152fdbbf9a77fdec97731721bebf7c4c44f7c29b424b0065826173efc7ed101", size = 132079, upload-time = "2026-09-05T10:42:37.923Z" },
]

[[package]]
name = "berlinbikes"
version = "0.1.0"
source = { editable = "." }
dependencies = [
    { name = "h3" },
    { name = "httpx" },
    { name = "pyarrow" },
]

[package.dev-dependencies]
dev = [
    { name = "pytest" },
]

[package.metadata]
requires-dist = [
    { name = "h3", specifier = ">=4.5.0" },
    { name = "httpx", specifier = ">=0.28.1" },
    { name = "pyarrow", specifier = ">=25.0.1" },
]

[package.metadata.requires-dev]
dev = [{ name = "pytest", specifier = ">=8" }]

[[package]]
name = "certifi"
version = "2026.7.22"
source = { registry = "https://pypi.org/simple" }
sdist = { url = "https://files.pythonhosted.org/packages/a3/c2/24167ea9858356b47a87a50d39908bfdb72ceeefe0041586e704e5376b3a/certifi-2026.7.22.tar.gz", hash = "sha256:741e2c3b351ddf169a738da9f2c048608ff7f2c5cc02f1ebc6b118bb090d5d55", size = 138112, upload-time = "2026-07-22T03:35:12.644Z" }
wheels = [
    { url = "https://files.pythonhosted.org/packages/0b/a7/71ac2cff56fec219ed242bb11b8efb69fcc4bec75db06fb7bfe35de520e6/certifi-2026.7.22-py3-none-any.whl", hash = "sha256:62f22742b58a1a33014a2b6b706588a8d7e2a88ae7bd1a6ebe8c992928483775", size = 136983, upload-time = "2026-07-22T03:35:11.276Z" },
]

[[package]]
name = "colorama"
version = "0.4.6"
source = { registry = "https://pypi.org/simple" }
sdist = { url = "https://files.pythonhosted.org/packages/d8/53/6f443c9a4a8358a93a6792e2acffb9d9d5cb0a5cfd8802644b7b1c9a02e4/colorama-0.4.6.tar.gz", hash = "sha256:08695f5cb7ed6e0531a20572697297273c47b8cae5a63ffc6d6ed5c201be6e44", size = 27697, upload-time = "2022-10-25T02:36:22.414Z" }
wheels = [
    { url = "https://files.pythonhosted.org/packages/d1/d6/3965ed04c63042e047cb6a3e6ed1a63a35087b6a609aa3a15ed8ac56c221/colorama-0.4.6-py2.py3-none-any.whl", hash = "sha256:4f1d9991f5acc0ca119f9d443620b77f9d6b33703e51011c16baf57afb285fc6", size = 25335, upload-time = "2022-10-25T02:36:20.889Z" },
]

[[package]]
name = "h11"
version = "0.16.0"
source = { registry = "https://pypi.org/simple" }
sdist = { url = "https://files.pythonhosted.org/packages/01/ee/02a2c011bdab74c6fb3c75474d40b3052059d95df7e73351460c8588d963/h11-0.16.0.tar.gz", hash = "sha256:4e35b956cf45792e4caa5885e69fba00bdbc6ffafbfa020300e549b208ee5ff1", size = 101250, upload-time = "2025-04-24T03:35:25.427Z" }
wheels = [
    { url = "https://files.pythonhosted.org/packages/04/4b/29cac41a4d98d144bf5f6d33995617b185d14b22401f75ca86f384e87ff1/h11-0.16.0-py3-none-any.whl", hash = "sha256:63cf8bbe7522de3bf65932fda1d9c2772064ffb3dae62d55932da54b31cb6c86", size = 37515, upload-time = "2025-04-24T03:35:24.344Z" },
]

[[package]]
name = "h3"
version = "4.5.0"
source = { registry = "https://pypi.org/simple" }
sdist = { url = "https://files.pythonhosted.org/packages/2d/1c/12f1e2842d6493de4dd8244538c30a556712e9a6b25c5151a0e0e522a67e/h3-4.5.0.tar.gz", hash = "sha256:a1e279a1674fc799445c710e35bc4b1b388a406c881d8b5e59a9b8bebeb5bb43", size = 180838, upload-time = "2026-05-30T00:59:24.988Z" }
wheels = [
    { url = "https://files.pythonhosted.org/packages/00/63/1acc39ba0fc4b8ba7786662d7b5800a2b12653d64c6658e7293f6821abd3/h3-4.5.0-cp312-cp312-macosx_11_0_arm64.whl", hash = "sha256:c1ae8f31981cf0dbdae15f1cc817ec30b6bbec7f27461cb28a0e1eb1794360d0", size = 848134, upload-time = "2026-05-30T00:59:00.271Z" },
    { url = "https://files.pythonhosted.org/packages/3c/73/f7d5c3c4e0853726ac3d2c20d2b6789fa4a6d753c228541cb1929317defa/h3-4.5.0-cp312-cp312-manylinux2014_aarch64.manylinux_2_17_aarch64.manylinux_2_28_aarch64.whl", hash = "sha256:ebe9875778d240d7ac37496b66d89abecb7e0090977e5f1e20d0caf63e513223", size = 1012325, upload-time = "2026-05-30T00:59:01.579Z" },
    { url = "https://files.pythonhosted.org/packages/87/e3/afe081686e549a82cc13a38c6e24b97eb3de939521979f0dde9c921c5154/h3-4.5.0-cp312-cp312-manylinux2014_x86_64.manylinux_2_17_x86_64.manylinux_2_28_x86_64.whl", hash = "sha256:583c3c42b3fa3576649c658f24beba080655159e724ecd1d6204b185df9eb4f6", size = 1063388, upload-time = "2026-05-30T00:59:02.889Z" },
    { url = "https://files.pythonhosted.org/packages/70/82/6c027ef04717fd4dd1d3897086d7706c29372ddd51e78319ec4fcb5f2cfc/h3-4.5.0-cp312-cp312-musllinux_1_2_x86_64.whl", hash = "sha256:551907d1ee01b5fee599da4ce1c41b054c64e8b20221094caf8e52caeb5d30bb", size = 1072924, upload-time = "2026-05-30T00:59:04.202Z" },
    { url = "https://files.pythonhosted.org/packages/74/5b/0e4f0c4f02414166aa0c96dd84b215f23c68e09bf36e4ede55f50ee250f7/h3-4.5.0-cp312-cp312-win_amd64.whl", hash = "sha256:f2cc7ed2e2370a67393b791972dab107eca4e14c5bfa96558e1c9ec8a501af6e", size = 806067, upload-time = "2026-05-30T00:59:05.324Z" },
    { url = "https://files.pythonhosted.org/packages/33/08/ea0ef498971cf2e5821074f7dff80a9a2992417c78ff9141979f2d49d259/h3-4.5.0-cp312-cp312-win_arm64.whl", hash = "sha256:260220ea216acda378bac481b26d414fab2d88bb724fe3fc3d6d0d764a2b16bd", size = 720045, upload-time = "2026-05-30T00:59:06.287Z" },
    { url = "https://files.pythonhosted.org/packages/a3/a9/bb36156db3a1f9eebb27de9c72d1229c69a643bc5bf9f59cbc05a8b0a634/h3-4.5.0-cp313-cp313-macosx_11_0_arm64.whl", hash = "sha256:44f9eee75985ecf06af82cfbce5fe7a0fd1cae73bee53d15155fe8fdb165578a", size = 843578, upload-time = "2026-05-30T00:59:07.415Z" },
    { url = "https://files.pythonhosted.org/packages/00/d0/4256f2515f8dd1a322e95a7a5f4174ecc405098f8b217d1d29767989c171/h3-4.5.0-cp313-cp313-manylinux2014_aarch64.manylinux_2_17_aarch64.manylinux_2_28_aarch64.whl", hash = "sha256:bf8fe70eef1c122e7465f3b9c57f793fa1a6885cf067be3a83423c0f30c0d80c", size = 1007119, upload-time = "2026-05-30T00:59:08.629Z" },
    { url = "https://files.pythonhosted.org/packages/eb/37/a60d26681ac540788c4ef656960084c9cbf4c24657f7e7347f07e97ba27f/h3-4.5.0-cp313-cp313-manylinux2014_x86_64.manylinux_2_17_x86_64.manylinux_2_28_x86_64.whl", hash = "sha256:df23f9ff0a9ff9c6195f48ebc8fb8fc6d50c2025ec37649991749d5282a2950f", size = 1059523, upload-time = "2026-05-30T00:59:09.854Z" },
    { url = "https://files.pythonhosted.org/packages/de/76/6e2eab23667a6ee153e3c369fb6fb793d4b09c81030495da989e8e5bf66d/h3-4.5.0-cp313-cp313-musllinux_1_2_x86_64.whl", hash = "sha256:4e8af93363b9b14fe1797a2557b22bb158b1be7696f145ea8ee6f8b9315860fa", size = 1069134, upload-time = "2026-05-30T00:59:11.235Z" },
    { url = "https://files.pythonhosted.org/packages/63/15/338b4d4bb427999463b91c32c81a37b7cd16c8d94605a5a98e3d1149e459/h3-4.5.0-cp313-cp313-win_amd64.whl", hash = "sha256:7b5ee5185d7fe5126d67a85d1bc1033bdb932e579e2b948eaaec08a43b6b40c1", size = 803357, upload-time = "2026-05-30T00:59:12.341Z" },
    { url = "https://files.pythonhosted.org/packages/67/d8/d2454a2cdccfd011c9584db75d67e8b7e313f176891713059d743db2d5f1/h3-4.5.0-cp313-cp313-win_arm64.whl", hash = "sha256:1ef3d069afa78988fb221574ab75cab35117651247e955633efe6cb89d635c00", size = 718284, upload-time = "2026-05-30T00:59:13.582Z" },
    { url = "https://files.pythonhosted.org/packages/a2/9a/d270563a3aac0700f38dfc167f3cd3f7dad80290faa277692a28e3d0b57d/h3-4.5.0-cp314-cp314-macosx_11_0_arm64.whl", hash = "sha256:74dbc558a10177a7b63d307d85d53c94b10408b253291961235f33d7714986c2", size = 847869, upload-time = "2026-05-30T00:59:14.887Z" },
    { url = "https://files.pythonhosted.org/packages/55/6e/8ab33def9888aaf724b7fba3b6027fcf99c4262fc61e5b3d4a123e428d49/h3-4.5.0-cp314-cp314-manylinux2014_aarch64.manylinux_2_17_aarch64.manylinux_2_28_aarch64.whl", hash = "sha256:0b17cf243923e9554ba4d8c6a5b5ade3cf302751155edbc2cc5821e7dc859dea", size = 1015860, upload-time = "2026-05-30T00:59:15.958Z" },
    { url = "https://files.pythonhosted.org/packages/de/b0/35103fd89f16e9f11dd310c7b16e0da9603711852c8e0d343fdf95a9200e/h3-4.5.0-cp314-cp314-manylinux2014_x86_64.manylinux_2_17_x86_64.manylinux_2_28_x86_64.whl", hash = "sha256:1bb5ac89a494fa8e4c1594b77ed8a18419b95513c3e586ce1189606df54a38a8", size = 1062200, upload-time = "2026-05-30T00:59:17.282Z" },
    { url = "https://files.pythonhosted.org/packages/03/3b/cba32deaacf80f9135dc9457359df4c9b0fcfc920a5789798386afda7959/h3-4.5.0-cp314-cp314-musllinux_1_2_x86_64.whl", hash = "sha256:463e8d59dbc65570d1cbce1bd3799ab1be7b2e8123af88586ed314fbf50cb6b5", size = 1071525, upload-time = "2026-05-30T00:59:18.321Z" },
    { url = "https://files.pythonhosted.org/packages/7c/88/030152f50ee8bd3cefe9c05dbb1d247eb98e959bfd071057d0b139581e0f/h3-4.5.0-cp314-cp314-win_amd64.whl", hash = "sha256:3870b4fbd9e302e550a811d10b57f4e42074a3b9e39bed1281761486153cd37b", size = 822798, upload-time = "2026-05-30T00:59:19.442Z" },
    { url = "https://files.pythonhosted.org/packages/b9/b8/772ad03138c09b17196ff6d93c5e476e1b50d41ec4194f99cfc5db5f98b3/h3-4.5.0-cp314-cp314-win_arm64.whl", hash = "sha256:9657dddd0de99a24f4cd3d0cc409648b2ed5b9c0fbc202149615a5419a119e08", size = 740487, upload-time = "2026-05-30T00:59:20.513Z" },
    { url = "https://files.pythonhosted.org/packages/80/94/352deb26f5bd6d779d938bd5812e4ef97cedbd5412211c1d126fc696e833/h3-4.5.0-cp314-cp314t-macosx_11_0_arm64.whl", hash = "sha256:70d125d0dc70daabaf241267eb9cc7cba97b25b22370ebb8e12d68ff8a49f227", size = 889263, upload-time = "2026-05-30T00:59:21.756Z" },
    { url = "https://files.pythonhosted.org/packages/da/1a/6a782f2ac00a1b3defbefadf5751ccbdf6263e75313210f35c301aa6a80a/h3-4.5.0-cp314-cp314t-manylinux2014_x86_64.manylinux_2_17_x86_64.manylinux_2_28_x86_64.whl", hash = "sha256:d031c922c49ce047728ac698541c1e0535ee72fe821e5f73f5faaed50a7c899b", size = 1035944, upload-time = "2026-05-30T00:59:22.889Z" },
    { url = "https://files.pythonhosted.org/packages/2c/5d/555fd4373919e12e1289325388c2677a6bcd7e4f2a2ab87d50323a77c8a8/h3-4.5.0-cp314-cp314t-win_amd64.whl", hash = "sha256:3d3d8917adbc2f81a1b766f643f66857581617d03a73eab89bacf0935cb61305", size = 919737, upload-time = "2026-05-30T00:59:23.879Z" },
]

[[package]]
name = "httpcore"
version = "1.0.9"
source = { registry = "https://pypi.org/simple" }
dependencies = [
    { name = "certifi" },
    { name = "h11" },
]
sdist = { url = "https://files.pythonhosted.org/packages/06/94/82699a10bca87a5556c9c59b5963f2d039dbd239f25bc2a63907a05a14cb/httpcore-1.0.9.tar.gz", hash = "sha256:6e34463af53fd2ab5d807f399a9b45ea31c3dfa2276f15a2c3f00afff6e176e8", size = 85484, upload-time = "2025-04-24T22:06:22.219Z" }
wheels = [
    { url = "https://files.pythonhosted.org/packages/7e/f5/f66802a942d491edb555dd61e3a9961140fd64c90bce1eafd741609d334d/httpcore-1.0.9-py3-none-any.whl", hash = "sha256:2d400746a40668fc9dec9810239072b40b4484b640a8c38fd654a024c7a1bf55", size = 78784, upload-time = "2025-04-24T22:06:20.566Z" },
]

[[package]]
name = "httpx"
version = "0.28.1"
source = { registry = "https://pypi.org/simple" }
dependencies = [
    { name = "anyio" },
    { name = "certifi" },
    { name = "httpcore" },
    { name = "idna" },
]
sdist = { url = "https://files.pythonhosted.org/packages/b1/df/48c586a5fe32a0f01324ee087459e112ebb7224f646c0b5023f5e79e9956/httpx-0.28.1.tar.gz", hash = "sha256:75e98c5f16b0f35b567856f597f06ff2270a374470a5c2392242528e3e3e42fc", size = 141406, upload-time = "2024-12-06T15:37:23.222Z" }
wheels = [
    { url = "https://files.pythonhosted.org/packages/2a/39/e50c7c3a983047577ee07d2a9e53faf5a69493943ec3f6a384bdc792deb2/httpx-0.28.1-py3-none-any.whl", hash = "sha256:d909fcccc110f8c7faf814ca82a9a4d816bc5a6dbfea25d6591d6985b8ba59ad", size = 73517, upload-time = "2024-12-06T15:37:21.509Z" },
]

[[package]]
name = "idna"
version = "3.20"
source = { registry = "https://pypi.org/simple" }
sdist = { url = "https://files.pythonhosted.org/packages/f5/08/8eea9d4b8302028f3abb2c0813953f7aec26d33b7a8960ed760e65ff29fa/idna-3.20.tar.gz", hash = "sha256:a7db850025b95ded1eae8a46181a1a6c56c92c96f0e2b005d9ff8dc0210cab44", size = 216463, upload-time = "2026-09-17T14:11:04.752Z" }
wheels = [
    { url = "https://files.pythonhosted.org/packages/58/a2/bb081bab032533a855d44de1d56f8e8426114ff1ba5d1f07a438a0a654f8/idna-3.20-py3-none-any.whl", hash = "sha256:ab7ae7122974553370f0bdb919e1a960b2cd1bc1ef0276416d896db81c14582c", size = 69583, upload-time = "2026-09-17T14:11:03.168Z" },
]

[[package]]
name = "iniconfig"
version = "2.3.0"
source = { registry = "https://pypi.org/simple" }
sdist = { url = "https://files.pythonhosted.org/packages/72/34/14ca021ce8e5dfedc35312d08ba8bf51fdd999c576889fc2c24cb97f4f10/iniconfig-2.3.0.tar.gz", hash = "sha256:c76315c77db068650d49c5b56314774a7804df16fee4402c1f19d6d15d8c4730", size = 20503, upload-time = "2025-10-18T21:55:43.219Z" }
wheels = [
    { url = "https://files.pythonhosted.org/packages/cb/b1/3846dd7f199d53cb17f49cba7e651e9ce294d8497c8c150530ed11865bb8/iniconfig-2.3.0-py3-none-any.whl", hash = "sha256:f631c04d2c48c52b84d0d0549c99ff3859c98df65b3101406327ecc7d53fbf12", size = 7484, upload-time = "2025-10-18T21:55:41.639Z" },
]

[[package]]
name = "packaging"
version = "26.3"
source = { registry = "https://pypi.org/simple" }
sdist = { url = "https://files.pythonhosted.org/packages/7d/fa/3944b40b07da9ce895c0e6303a5ab7d53da063554f534556b134a54d6093/packaging-26.3.tar.gz", hash = "sha256:94edc256424af38762eb31306eed28beb9f0efc50a8837492c9d6fd6004aed79", size = 313412, upload-time = "2026-08-04T18:15:28.737Z" }
wheels = [
    { url = "https://files.pythonhosted.org/packages/63/34/ba1c580383c9eada3711951fef0795c80b829a078d72188184bcab9dd527/packaging-26.3-py3-none-any.whl", hash = "sha256:d7193f7c8e4e93f444fde0262bf90af30e16fa0ad0ad44cb553c87339b23cd1c", size = 129956, upload-time = "2026-08-04T18:15:27.159Z" },
]

[[package]]
name = "pluggy"
version = "1.6.0"
source = { registry = "https://pypi.org/simple" }
sdist = { url = "https://files.pythonhosted.org/packages/f9/e2/3e91f31a7d2b083fe6ef3fa267035b518369d9511ffab804f839851d2779/pluggy-1.6.0.tar.gz", hash = "sha256:7dcc130b76258d33b90f61b658791dede3486c3e6bfb003ee5c9bfb396dd22f3", size = 69412, upload-time = "2025-05-15T12:30:07.975Z" }
wheels = [
    { url = "https://files.pythonhosted.org/packages/54/20/4d324d65cc6d9205fabedc306948156824eb9f0ee1633355a8f7ec5c66bf/pluggy-1.6.0-py3-none-any.whl", hash = "sha256:e920276dd6813095e9377c0bc5566d94c932c33b27a3e3945d8389c374dd4746", size = 20538, upload-time = "2025-05-15T12:30:06.134Z" },
]

[[package]]
name = "pyarrow"
version = "25.0.1"
source = { registry = "https://pypi.org/simple" }
sdist = { url = "https://files.pythonhosted.org/packages/3d/e3/27f57f80141379d60defe6703eb50a707325706f07fedfd1312c7a751995/pyarrow-25.0.1.tar.gz", hash = "sha256:9150a83248bfed9813ea3c3af74c3856c1984d444aa28e58bf7733b9750ddf6a", size = 1201653, upload-time = "2026-08-10T12:40:53.904Z" }
wheels = [
    { url = "https://files.pythonhosted.org/packages/a6/e2/9ab15b88cbfac28e16419ce5439ec29234c5172cb8259301b4ba639bdec0/pyarrow-25.0.1-cp312-cp312-macosx_12_0_arm64.whl", hash = "sha256:df961f2e7ae9cf496459259d798652c70625f6c080650d6952f8c04053c58ee9", size = 35861559, upload-time = "2026-08-10T12:38:02.567Z" },
    { url = "https://files.pythonhosted.org/packages/58/79/a0036dbe1eabe1f73127427342f1d99982584c4a2cde2651d6c93499c6f6/pyarrow-25.0.1-cp312-cp312-macosx_12_0_x86_64.whl", hash = "sha256:cc4aa407fde9fc660be3939e49ea31f50f3e9fec17c0ec63159f7711edd3efc9", size = 37628383, upload-time = "2026-08-10T12:38:09.083Z" },
    { url = "https://files.pythonhosted.org/packages/13/49/d93a57d375f4bf0cf82913dd6bb54acafde83dd993be2282c81ac5616cad/pyarrow-25.0.1-cp312-cp312-manylinux_2_28_aarch64.whl", hash = "sha256:4340f0ba6c1d2e13f21658de1d7c662ca2545018568d0030a1e9afca159d87e3", size = 46820190, upload-time = "2026-08-10T12:38:15.458Z" },
    { url = "https://files.pythonhosted.org/packages/60/c9/711ca85d79f1ec98f29a5eae2b051e25b4ecec5de3e3c0e2d5c5dcb15664/pyarrow-25.0.1-cp312-cp312-manylinux_2_28_x86_64.whl", hash = "sha256:5389cdf79447ed1515c9e31620e6e1e2302249564d603f2ad727d4f6d313e4c3", size = 50102437, upload-time = "2026-08-10T12:38:22.487Z" },
    { url = "https://files.pythonhosted.org/packages/80/53/8fb8359ff17cfb6263a1cf3ebf7caec9fe197de118719e84fcb1d0618026/pyarrow-25.0.1-cp312-cp312-musllinux_1_2_aarch64.whl", hash = "sha256:d51592cb7561e87877c506113e7adbf1342ab579e6c21f0ef44b8ba41cb74c80", size = 49942424, upload-time = "2026-08-10T12:38:28.755Z" },
    { url = "https://files.pythonhosted.org/packages/e8/83/4e5ae02a9341571b18a6fca380ac7a58ce6ddae7ab3c060208c0a1e79f02/pyarrow-25.0.1-cp312-cp312-musllinux_1_2_x86_64.whl", hash = "sha256:6109c94d8b9f3b17a041daca16cacb2f651ad8f1ef70a4232c2c0f37a23da2a8", size = 53144206, upload-time = "2026-08-10T12:38:34.862Z" },
    { url = "https://files.pythonhosted.org/packages/65/ee/197cbf47e49f83e6ebeb946a5259a48a638dea27ac774db42fe78022179d/pyarrow-25.0.1-cp312-cp312-win_amd64.whl", hash = "sha256:8858d7bfc22e3f51529aeaa4077225029724623e4595dc9eff8c793935c34140", size = 27953934, upload-time = "2026-08-10T12:38:39.808Z" },
    { url = "https://files.pythonhosted.org/packages/cc/8d/8f271a7a034c834910ec925d56fa4b29733b1380f5289419f5aaa3b02777/pyarrow-25.0.1-cp313-cp313-macosx_12_0_arm64.whl", hash = "sha256:c7c534ec03c358a76ea3e505e74c1b6aef290af90c444dfd092dbfe23e755b85", size = 35855328, upload-time = "2026-08-10T12:38:45.489Z" },
    { url = "https://files.pythonhosted.org/packages/d2/cd/5bac242f4e841b9971d5eb94fdfe2577e2b70be983e27401e72055786037/pyarrow-25.0.1-cp313-cp313-macosx_12_0_x86_64.whl", hash = "sha256:dda9470024204d7bbf2042b47c6e8a0e47a3eeb8e34405882dfaea6577e0c153", size = 37622415, upload-time = "2026-08-10T12:38:51.107Z" },
    { url = "https://files.pythonhosted.org/packages/63/1f/96d03b4e1506524f7087adb0fd6b2f69f0c9c7aaff1ec36d8030082e15a5/pyarrow-25.0.1-cp313-cp313-manylinux_2_28_aarch64.whl", hash = "sha256:44a9120ce5bd81936b8ab9a88076e3fd47c2c6838e0e43630fed83626aca81d9", size = 46813813, upload-time = "2026-08-10T12:38:57.773Z" },
    { url = "https://files.pythonhosted.org/packages/98/d6/33a411115b61dbfc16ad6ad73e71730f6fea654ee3667673bc53ab0e2fe7/pyarrow-25.0.1-cp313-cp313-manylinux_2_28_x86_64.whl", hash = "sha256:0befcf816e45a1af33ac775a9970b749e4868a230c7372f0ae5e932bee27039f", size = 50104452, upload-time = "2026-08-10T12:39:04.579Z" },
    { url = "https://files.pythonhosted.org/packages/33/ae/b1b97c9ca87f9f9ddbb5230c798df94eccce61bd79b9b45458c69a478588/pyarrow-25.0.1-cp313-cp313-musllinux_1_2_aarch64.whl", hash = "sha256:3f89685964f46e4216103c75483aac0c0692a5f72212d7ca835adba5ede56ce3", size = 49951343, upload-time = "2026-08-10T12:39:11.8Z" },
    { url = "https://files.pythonhosted.org/packages/98/9e/a112df5cfd5a68cb1d9fc31cfe38c28d5aec9f10865ce37ecef2e4450873/pyarrow-25.0.1-cp313-cp313-musllinux_1_2_x86_64.whl", hash = "sha256:6943e2fe7954d29d84de45d29d34c8dc36ce96570e67d89aa9976e650a4a9138", size = 53144784, upload-time = "2026-08-10T12:39:20.503Z" },
    { url = "https://files.pythonhosted.org/packages/31/24/97e8bd98f1e3b07e2ba08bcdff690674fbe16d69a7d2712cc3884665e615/pyarrow-25.0.1-cp313-cp313-win_amd64.whl", hash = "sha256:31e49a7888fcdf3a835da33ae777f6bb9a866334e5a789282fc26dcf426f7f15", size = 27870159, upload-time = "2026-08-10T12:39:26.161Z" },
    { url = "https://files.pythonhosted.org/packages/36/4c/b525824ad3094076919273cd97db61fb3d78252dee76fa3b8dc8f76774aa/pyarrow-25.0.1-cp314-cp314-macosx_12_0_arm64.whl", hash = "sha256:bf0b672390cdcb640d7288f96b826d71ff4e9abb254a86c89890baf51a29cee6", size = 35885255, upload-time = "2026-08-10T12:39:32.366Z" },
    { url = "https://files.pythonhosted.org/packages/08/62/448bb0e940de41aec31d1a956e63ad9c54afdf122a103cc3ab20c2a3ce33/pyarrow-25.0.1-cp314-cp314-macosx_12_0_x86_64.whl", hash = "sha256:38a9a4b4b9613380e200641891495a56c3d5a98a092db4a870af9975e220471d", size = 37644461, upload-time = "2026-08-10T12:39:38.142Z" },
    { url = "https://files.pythonhosted.org/packages/6e/9a/13587e38bd4806fd218f50fd13b8903fab60588a699ff0c406372e5b4043/pyarrow-25.0.1-cp314-cp314-manylinux_2_28_aarch64.whl", hash = "sha256:0b726ad7e7b669be982b0c71c07fe4b037d654354130da79a7902a669e93a66b", size = 46877146, upload-time = "2026-08-10T12:39:43.722Z" },
    { url = "https://files.pythonhosted.org/packages/8d/61/1c5d1229fa21da4cff5365e41e57177aaac57c563c727f35419b8513d1c1/pyarrow-25.0.1-cp314-cp314-manylinux_2_28_x86_64.whl", hash = "sha256:9171748cdf796972d85a4b60157c279913e242992e350c90c7450182a9838b2a", size = 50131616, upload-time = "2026-08-10T12:39:49.304Z" },
    { url = "https://files.pythonhosted.org/packages/43/20/291e1d65cc0b09aa19f03cf25cf51a2f5fa94b5db315178f2d254ed5cad4/pyarrow-25.0.1-cp314-cp314-musllinux_1_2_aarch64.whl", hash = "sha256:b7a296aac7a71fa0886c08e155ddb6c636a50013f801f6178daafa0f9e726188", size = 50008879, upload-time = "2026-08-10T12:39:56.891Z" },
    { url = "https://files.pythonhosted.org/packages/8b/7c/1b7c9ec28e76576337e4f97b31141c9a181b89b6d1d6221e9d8205621a58/pyarrow-25.0.1-cp314-cp314-musllinux_1_2_x86_64.whl", hash = "sha256:0fe7c8b6c03969b49c8c66182e4a18e3819ab92d07cfab5d8370c531b9369ef0", size = 53170864, upload-time = "2026-08-10T12:40:04.918Z" },
    { url = "https://files.pythonhosted.org/packages/b7/75/f3d789dc06011a765d14d86bda799cf72ac1d715b6a6edecaa0d73d95062/pyarrow-25.0.1-cp314-cp314-win_amd64.whl", hash = "sha256:f729cfdbd36fd99d543b67a914d2de044c84ebe45be8b34902b299b608c15c8f", size = 28620729, upload-time = "2026-08-10T12:40:51.41Z" },
    { url = "https://files.pythonhosted.org/packages/fc/05/647a8ee6f7c2662feb6921315617bc04dcd6034763fb61b1199720bf6162/pyarrow-25.0.1-cp314-cp314t-macosx_12_0_arm64.whl", hash = "sha256:59a2de54c0cbd954da861eee4d1d330f8e909c45b53455baef696380f2c55033", size = 36130288, upload-time = "2026-08-10T12:40:11.014Z" },
    { url = "https://files.pythonhosted.org/packages/93/f8/c9ee997554d7bea94520667dd1933f109ac1da3ee3556d2b49381e023484/pyarrow-25.0.1-cp314-cp314t-macosx_12_0_x86_64.whl", hash = "sha256:35935cd5de130aa5cf4dea052a63e6bf2e17006c35c3a468194242b9b2bf5956", size = 37762187, upload-time = "2026-08-10T12:40:16.592Z" },
    { url = "https://files.pythonhosted.org/packages/a2/08/a28c01c7fe9e96e8233ce2d13df1d402f4f999f848f51d2daacd6bb4c036/pyarrow-25.0.1-cp314-cp314t-manylinux_2_28_aarch64.whl", hash = "sha256:f3831aaa25c67a99f99dc8b05873cb9d64560390372e2aa197ce9dd4a3f06a44", size = 46888003, upload-time = "2026-08-10T12:40:23.242Z" },
    { url = "https://files.pythonhosted.org/packages/1b/b9/58612e977d28dc58c878448866838369ee8da2f1e7cc8ed2c84b952aafee/pyarrow-25.0.1-cp314-cp314t-manylinux_2_28_x86_64.whl", hash = "sha256:6a1fdfc6659b6b19022f2e50627fb5cf7156a66c46bf4299379955cbe742382a", size = 50079036, upload-time = "2026-08-10T12:40:29.169Z" },
    { url = "https://files.pythonhosted.org/packages/72/13/66e1402dcc860e1dc2760b1e0292c9a569b62b3bccab69def1b3e907d006/pyarrow-25.0.1-cp314-cp314t-musllinux_1_2_aarch64.whl", hash = "sha256:169d3429d5be7c752125890620f75a60776d38b0035eddae939651640822332e", size = 50040226, upload-time = "2026-08-10T12:40:35.186Z" },
    { url = "https://files.pythonhosted.org/packages/78/10/3f1a5497a7ef732ab0f03ecca3e66d89d9c0f57fdc61b4794c456b781f01/pyarrow-25.0.1-cp314-cp314t-musllinux_1_2_x86_64.whl", hash = "sha256:119297a6dc197e45d9c6d4415f7814a67ffa36c180d26f68c154c58067ae782d", size = 53149035, upload-time = "2026-08-10T12:40:41.454Z" },
    { url = "https://files.pythonhosted.org/packages/93/c0/37d4a7e8e2f7a6076283673d5298018ca26478b934c6ee369e10505ab32c/pyarrow-25.0.1-cp314-cp314t-win_amd64.whl", hash = "sha256:4288f27577352d608ca08553b0865e4a9b3aa14820c5d95b53337218d609835b", size = 28753071, upload-time = "2026-08-10T12:40:46.623Z" },
]

[[package]]
name = "pygments"
version = "2.21.0"
source = { registry = "https://pypi.org/simple" }
sdist = { url = "https://files.pythonhosted.org/packages/49/2e/ced460408999b33da6b31b0021b0f37d329e202d4169aeb164493778f25b/pygments-2.21.0.tar.gz", hash = "sha256:610ca751c9bc2492b38eb9a38a7fbc93edbbb2d7182edaf34e66ae493dee5c8c", size = 5005329, upload-time = "2026-08-17T08:02:48.824Z" }
wheels = [
    { url = "https://files.pythonhosted.org/packages/71/46/17f022dd3e953bf20a04a028a21ec746d942f8d2af30fa0f124fa0e6a684/pygments-2.21.0-py3-none-any.whl", hash = "sha256:2363c69b61c4a97c838da3b130dcd6468f4848992b21a82f2a63ec34377137d9", size = 1250147, upload-time = "2026-08-17T08:02:44.912Z" },
]

[[package]]
name = "pytest"
version = "9.1.1"
source = { registry = "https://pypi.org/simple" }
dependencies = [
    { name = "colorama", marker = "sys_platform == 'win32'" },
    { name = "iniconfig" },
    { name = "packaging" },
    { name = "pluggy" },
    { name = "pygments" },
]
sdist = { url = "https://files.pythonhosted.org/packages/e4/47/b9efed96c114afcfa3c9d3fe98a76a1d14c74a9e266d397cf6eb64be5e01/pytest-9.1.1.tar.gz", hash = "sha256:1088fbde8f2b49d95a549a195707afa7a76a3ce9bcadc26b6d71f0ffda5fe313", size = 1636369, upload-time = "2026-06-19T10:58:32.857Z" }
wheels = [
    { url = "https://files.pythonhosted.org/packages/24/25/1de2678b631f5a49215c6c96fff41ba892b0a34df68d6d80292b1b48aa7f/pytest-9.1.1-py3-none-any.whl", hash = "sha256:37a86b45efb9a47a61a36449063e8e18d0cab3161329fc099eb21783169c4f0c", size = 386536, upload-time = "2026-06-19T10:58:31.347Z" },
]

[[package]]
name = "typing-extensions"
version = "4.16.0"
source = { registry = "https://pypi.org/simple" }
sdist = { url = "https://files.pythonhosted.org/packages/f6/cc/6253133b5bb138fc3306cebfbda2c520f545d36b5be2c7255cc528bb45d6/typing_extensions-4.16.0.tar.gz", hash = "sha256:dc983d19a509c94dba722ee6abd33940f7c05a89e243c47e907eb4db6f1a43e5", size = 113555, upload-time = "2026-07-02T08:40:05.92Z" }
wheels = [
    { url = "https://files.pythonhosted.org/packages/49/d3/b8441a820a491ddfc024b0b0cf0393375b75ea13866d9c66727e54c2fc80/typing_extensions-4.16.0-py3-none-any.whl", hash = "sha256:481caa481374e813c1b176ada14e97f1f67a4539ce9cfeb3f350d78d6370c2e8", size = 45571, upload-time = "2026-07-02T08:40:04.659Z" },
]
